// !$*UTF8*$!
{
	archiveVersion = 1;
	classes = {
	};
	objectVersion = 50;
	objects = {

/* Begin PBXBuildFile section */
		F5297F6820AD2F8F0081F401 /* Card.swift in Sources */ = {isa = PBXBuildFile; fileRef = F5297F6720AD2F8F0081F401 /* Card.swift */; };
		F5297F6A20AD48FA0081F401 /* SetGame.swift in Sources */ = {isa = PBXBuildFile; fileRef = F5297F6920AD48FA0081F401 /* SetGame.swift */; };
		F53F5FF620AD2ED600F3224D /* AppDelegate.swift in Sources */ = {isa = PBXBuildFile; fileRef = F53F5FF520AD2ED600F3224D /* AppDelegate.swift */; };
		F53F5FF820AD2ED600F3224D /* ViewController.swift in Sources */ = {isa = PBXBuildFile; fileRef = F53F5FF720AD2ED600F3224D /* ViewController.swift */; };
		F53F5FFB20AD2ED600F3224D /* Main.storyboard in Resources */ = {isa = PBXBuildFile; fileRef = F53F5FF920AD2ED600F3224D /* Main.storyboard */; };
		F53F5FFD20AD2ED800F3224D /* Assets.xcassets in Resources */ = {isa = PBXBuildFile; fileRef = F53F5FFC20AD2ED800F3224D /* Assets.xcassets */; };
		F53F600020AD2ED800F3224D /* LaunchScreen.storyboard in Resources */ = {isa = PBXBuildFile; fileRef = F53F5FFE20AD2ED800F3224D /* LaunchScreen.storyboard */; };
/* End PBXBuildFile section */

/* Begin PBXFileReference section */
		F5297F6720AD2F8F0081F401 /* Card.swift */ = {isa = PBXFileReference; lastKnownFileType = sourcecode.swift; name = Card.swift; path = SetGame/Card.swift; sourceTree = SOURCE_ROOT; };
		F5297F6920AD48FA0081F401 /* SetGame.swift */ = {isa = PBXFileReference; lastKnownFileType = sourcecode.swift; name = SetGame.swift; path = SetGame/SetGame.swift; sourceTree = SOURCE_ROOT; };
		F53F5FF220AD2ED600F3224D /* SetGame.app */ = {isa = PBXFileReference; explicitFileType = wrapper.application; includeInIndex = 0; path = SetGame.app; sourceTree = BUILT_PRODUCTS_DIR; };
		F53F5FF520AD2ED600F3224D /* AppDelegate.swift */ = {isa = PBXFileReference; lastKnownFileType = sourcecode.swift; path = AppDelegate.swift; sourceTree = "<group>"; };
		F53F5FF720AD2ED600F3224D /* ViewController.swift */ = {isa = PBXFileReference; lastKnownFileType = sourcecode.swift; path = ViewController.swift; sourceTree = "<group>"; };
		F53F5FFA20AD2ED600F3224D /* Base */ = {isa = PBXFileReference; lastKnownFileType = file.storyboard; name = Base; path = Base.lproj/Main.storyboard; sourceTree = "<group>"; };
		F53F5FFC20AD2ED800F3224D /* Assets.xcassets */ = {isa = PBXFileReference; lastKnownFileType = folder.assetcatalog; path = Assets.xcassets; sourceTree = "<group>"; };
		F53F5FFF20AD2ED800F3224D /* Base */ = {isa = PBXFileReference; lastKnownFileType = file.storyboard; name = Base; path = Base.lproj/LaunchScreen.storyboard; sourceTree = "<group>"; };
		F53F600120AD2ED800F3224D /* Info.plist */ = {isa = PBXFileReference; lastKnownFileType = text.plist.xml; path = Info.plist; sourceTree = "<group>"; };
/* End PBXFileReference section */

/* Begin PBXFrameworksBuildPhase section */
		F53F5FEF20AD2ED600F3224D /* Frameworks */ = {
			isa = PBXFrameworksBuildPhase;
			buildActionMask = 2147483647;
			files = (
			);
			runOnlyForDeploymentPostprocessing = 0;
		};
/* End PBXFrameworksBuildPhase section */

/* Begin PBXGroup section */
		F5297F6620AD2F2B0081F401 /* Supporting Files */ = {
			isa = PBXGroup;
			children = (
				F53F5FF520AD2ED600F3224D /* AppDelegate.swift */,
				F53F5FFC20AD2ED800F3224D /* Assets.xcassets */,
				F53F5FFE20AD2ED800F3224D /* LaunchScreen.storyboard */,
				F5297F6720AD2F8F0081F401 /* Card.swift */,
				F5297F6920AD48FA0081F401 /* SetGame.swift */,
			);
			path = "Supporting Files";
			sourceTree = "<group>";
		};
		F53F5FE920AD2ED600F3224D = {
			isa = PBXGroup;
			children = (
				F53F5FF420AD2ED600F3224D /* SetGame */,
				F53F5FF320AD2ED600F3224D /* Products */,
			);
			sourceTree = "<group>";
		};
		F53F5FF320AD2ED600F3224D /* Products */ = {
			isa = PBXGroup;
			children = (
				F53F5FF220AD2ED600F3224D /* SetGame.app */,
			);
			name = Products;
			sourceTree = "<group>";
		};
		F53F5FF420AD2ED600F3224D /* SetGame */ = {
			isa = PBXGroup;
			children = (
				F5297F6620AD2F2B0081F401 /* Supporting Files */,
				F53F5FF720AD2ED600F3224D /* ViewController.swift */,
				F53F5FF920AD2ED600F3224D /* Main.storyboard */,
				F53F600120AD2ED800F3224D /* Info.plist */,
			);
			path = SetGame;
			sourceTree = "<group>";
		};
/* End PBXGroup section */

/* Begin PBXNativeTarget section */
		F53F5FF120AD2ED600F3224D /* SetGame */ = {
			isa = PBXNativeTarget;
			buildConfigurationList = F53F600420AD2ED800F3224D /* Build configuration list for PBXNativeTarget "SetGame" */;
			buildPhases = (
				F53F5FEE20AD2ED600F3224D /* Sources */,
				F53F5FEF20AD2ED600F3224D /* Frameworks */,
				F53F5FF020AD2ED600F3224D /* Resources */,
			);
			buildRules = (
			);
			dependencies = (
			);
			name = SetGame;
			productName = SetGame;
			productReference = F53F5FF220AD2ED600F3224D /* SetGame.app */;
			productType = "com.apple.product-type.application";
		};
/* End PBXNativeTarget section */

/* Begin PBXProject section */
		F53F5FEA20AD2ED600F3224D /* Project object */ = {
			isa = PBXProject;
			attributes = {
				LastSwiftUpdateCheck = 0930;
				LastUpgradeCheck = 0930;
				ORGANIZATIONNAME = Vishworks;
				TargetAttributes = {
					F53F5FF120AD2ED600F3224D = {
						CreatedOnToolsVersion = 9.3.1;
					};
				};
			};
			buildConfigurationList = F53F5FED20AD2ED600F3224D /* Build configuration list for PBXProject "SetGame" */;
			compatibilityVersion = "Xcode 9.3";
			developmentRegion = en;
			hasScannedForEncodings = 0;
			knownRegions = (
				en,
				Base,
			);
			mainGroup = F53F5FE920AD2ED600F3224D;
			productRefGroup = F53F5FF320AD2ED600F3224D /* Products */;
			projectDirPath = "";
			projectRoot = "";
			targets = (
				F53F5FF120AD2ED600F3224D /* SetGame */,
			);
		};
/* End PBXProject section */

/* Begin PBXResourcesBuildPhase section */
		F53F5FF020AD2ED600F3224D /* Resources */ = {
			isa = PBXResourcesBuildPhase;
			buildActionMask = 2147483647;
			files = (
				F53F600020AD2ED800F3224D /* LaunchScreen.storyboard in Resources */,
				F53F5FFD20AD2ED800F3224D /* Assets.xcassets in Resources */,
				F53F5FFB20AD2ED600F3224D /* Main.storyboard in Resources */,
			);
			runOnlyForDeploymentPostprocessing = 0;
		};
/* End PBXResourcesBuildPhase section */

/* Begin PBXSourcesBuildPhase section */
		F53F5FEE20AD2ED600F3224D /* Sources */ = {
			isa = PBXSourcesBuildPhase;
			buildActionMask = 2147483647;
			files = (
				F53F5FF820AD2ED600F3224D /* ViewController.swift in Sources */,
				F5297F6820AD2F8F0081F401 /* Card.swift in Sources */,
				F5297F6A20AD48FA0081F401 /* SetGame.swift in Sources */,
				F53F5FF620AD2ED600F3224D /* AppDelegate.swift in Sources */,
			);
			runOnlyForDeploymentPostprocessing = 0;
		};
/* End PBXSourcesBuildPhase section */

/* Begin PBXVariantGroup section */
		F53F5FF920AD2ED600F3224D /* Main.storyboard */ = {
			isa = PBXVariantGroup;
			children = (
				F53F5FFA20AD2ED600F3224D /* Base */,
			);
			name = Main.storyboard;
			sourceTree = "<group>";
		};
		F53F5FFE20AD2ED800F3224D /* LaunchScreen.storyboard */ = {
			isa = PBXVariantGroup;
			children = (
				F53F5FFF20AD2ED800F3224D /* Base */,
			);
			name = LaunchScreen.storyboard;
			sourceTree = "<group>";
		};
/* End PBXVariantGroup section */

/* Begin XCBuildConfiguration section */
		F53F600220AD2ED800F3224D /* Debug */ = {
			isa = XCBuildConfiguration;
			buildSettings = {
				ALWAYS_SEARCH_USER_PATHS = NO;
				CLANG_ANALYZER_NONNULL = YES;
				CLANG_ANALYZER_NUMBER_OBJECT_CONVERSION = YES_AGGRESSIVE;
				CLANG_CXX_LANGUAGE_STANDARD = "gnu++14";
				CLANG_CXX_LIBRARY = "libc++";
				CLANG_ENABLE_MODULES = YES;
				CLANG_ENABLE_OBJC_ARC = YES;
				CLANG_ENABLE_OBJC_WEAK = YES;
				CLANG_WARN_BLOCK_CAPTURE_AUTORELEASING = YES;
				CLANG_WARN_BOOL_CONVERSION = YES;
				CLANG_WARN_COMMA = YES;
				CLANG_WARN_CONSTANT_CONVERSION = YES;
				CLANG_WARN_DEPRECATED_OBJC_IMPLEMENTATIONS = YES;
				CLANG_WARN_DIRECT_OBJC_ISA_USAGE = YES_ERROR;
				CLANG_WARN_DOCUMENTATION_COMMENTS = YES;
				CLANG_WARN_EMPTY_BODY = YES;
				CLANG_WARN_ENUM_CONVERSION = YES;
				CLANG_WARN_INFINITE_RECURSION = YES;
				CLANG_WARN_INT_CONVERSION = YES;
				CLANG_WARN_NON_LITERAL_NULL_CONVERSION = YES;
				CLANG_WARN_OBJC_IMPLICIT_RETAIN_SELF = YES;
				CLANG_WARN_OBJC_LITERAL_CONVERSION = YES;
				CLANG_WARN_OBJC_ROOT_CLASS = YES_ERROR;
				CLANG_WARN_RANGE_LOOP_ANALYSIS = YES;
				CLANG_WARN_STRICT_PROTOTYPES = YES;
				CLANG_WARN_SUSPICIOUS_MOVE = YES;
				CLANG_WARN_UNGUARDED_AVAILABILITY = YES_AGGRESSIVE;
				CLANG_WARN_UNREACHABLE_CODE = YES;
				CLANG_WARN__DUPLICATE_METHOD_MATCH = YES;
				CODE_SIGN_IDENTITY = "iPhone Developer";
				COPY_PHASE_STRIP = NO;
				DEBUG_INFORMATION_FORMAT = dwarf;
				ENABLE_STRICT_OBJC_MSGSEND = YES;
				ENABLE_TESTABILITY = YES;
				GCC_C_LANGUAGE_STANDARD = gnu11;
				GCC_DYNAMIC_NO_PIC = NO;
				GCC_NO_COMMON_BLOCKS = YES;
				GCC_OPTIMIZATION_LEVEL = 0;
				GCC_PREPROCESSOR_DEFINITIONS = (
					"DEBUG=1",
					"$(inherited)",
				);
				GCC_WARN_64_TO_32_BIT_CONVERSION = YES;
				GCC_WARN_ABOUT_RETURN_TYPE = YES_ERROR;
				GCC_WARN_UNDECLARED_SELECTOR = YES;
				GCC_WARN_UNINITIALIZED_AUTOS = YES_AGGRESSIVE;
				GCC_WARN_UNUSED_FUNCTION = YES;
				GCC_WARN_UNUSED_VARIABLE = YES;
				IPHONEOS_DEPLOYMENT_TARGET = 11.3;
				MTL_ENABLE_DEBUG_INFO = YES;
				ONLY_ACTIVE_ARCH = YES;
				SDKROOT = iphoneos;
				SWIFT_ACTIVE_COMPILATION_CONDITIONS = DEBUG;
				SWIFT_OPTIMIZATION_LEVEL = "-Onone";
			};
			name = Debug;
		};
		F53F600320AD2ED800F3224D /* Release */ = {
			isa = XCBuildConfiguration;
			buildSettings = {
				ALWAYS_SEARCH_USER_PATHS = NO;
				CLANG_ANALYZER_NONNULL = YES;
				CLANG_ANALYZER_NUMBER_OBJECT_CONVERSION = YES_AGGRESSIVE;
				CLANG_CXX_LANGUAGE_STANDARD = "gnu++14";
				CLANG_CXX_LIBRARY = "libc++";
				CLANG_ENABLE_MODULES = YES;
				CLANG_ENABLE_OBJC_ARC = YES;
				CLANG_ENABLE_OBJC_WEAK = YES;
				CLANG_WARN_BLOCK_CAPTURE_AUTORELEASING = YES;
				CLANG_WARN_BOOL_CONVERSION = YES;
				CLANG_WARN_COMMA = YES;
				CLANG_WARN_CONSTANT_CONVERSION = YES;
				CLANG_WARN_DEPRECATED_OBJC_IMPLEMENTATIONS = YES;
				CLANG_WARN_DIRECT_OBJC_ISA_USAGE = YES_ERROR;
				CLANG_WARN_DOCUMENTATION_COMMENTS = YES;
				CLANG_WARN_EMPTY_BODY = YES;
				CLANG_WARN_ENUM_CONVERSION = YES;
				CLANG_WARN_INFINITE_RECURSION = YES;
				CLANG_WARN_INT_CONVERSION = YES;
				CLANG_WARN_NON_LITERAL_NULL_CONVERSION = YES;
				CLANG_WARN_OBJC_IMPLICIT_RETAIN_SELF = YES;
				CLANG_WARN_OBJC_LITERAL_CONVERSION = YES;
				CLANG_WARN_OBJC_ROOT_CLASS = YES_ERROR;
				CLANG_WARN_RANGE_LOOP_ANALYSIS = YES;
				CLANG_WARN_STRICT_PROTOTYPES = YES;
				CLANG_WARN_SUSPICIOUS_MOVE = YES;
				CLANG_WARN_UNGUARDED_AVAILABILITY = YES_AGGRESSIVE;
				CLANG_WARN_UNREACHABLE_CODE = YES;
				CLANG_WARN__DUPLICATE_METHOD_MATCH = YES;
				CODE_SIGN_IDENTITY = "iPhone Developer";
				COPY_PHASE_STRIP = NO;
				DEBUG_INFORMATION_FORMAT = "dwarf-with-dsym";
				ENABLE_NS_ASSERTIONS = NO;
				ENABLE_STRICT_OBJC_MSGSEND = YES;
				GCC_C_LANGUAGE_STANDARD = gnu11;
				GCC_NO_COMMON_BLOCKS = YES;
				GCC_WARN_64_TO_32_BIT_CONVERSION = YES;
				GCC_WARN_ABOUT_RETURN_TYPE = YES_ERROR;
				GCC_WARN_UNDECLARED_SELECTOR = YES;
				GCC_WARN_UNINITIALIZED_AUTOS = YES_AGGRESSIVE;
				GCC_WARN_UNUSED_FUNCTION = YES;
				GCC_WARN_UNUSED_VARIABLE = YES;
				IPHONEOS_DEPLOYMENT_TARGET = 11.3;
				MTL_ENABLE_DEBUG_INFO = NO;
				SDKROOT = iphoneos;
				SWIFT_COMPILATION_MODE = wholemodule;
				SWIFT_OPTIMIZATION_LEVEL = "-O";
				VALIDATE_PRODUCT = YES;
			};
			name = Release;
		};
		F53F600520AD2ED800F3224D /* Debug */ = {
			isa = XCBuildConfiguration;
			buildSettings = {
				ASSETCATALOG_COMPILER_APPICON_NAME = AppIcon;
				CODE_SIGN_STYLE = Automatic;
				DEVELOPMENT_TEAM = 34KP6Z54P3;
				INFOPLIST_FILE = SetGame/Info.plist;
				LD_RUNPATH_SEARCH_PATHS = (
					"$(inherited)",
					"@executable_path/Frameworks",
				);
				PRODUCT_BUNDLE_IDENTIFIER = in.vishworks.SetGame;
				PRODUCT_NAME = "$(TARGET_NAME)";
				SWIFT_VERSION = 4.0;
				TARGETED_DEVICE_FAMILY = "1,2";
			};
			name = Debug;
		};
		F53F600620AD2ED800F3224D /* Release */ = {
			isa = XCBuildConfiguration;
			buildSettings = {
				ASSETCATALOG_COMPILER_APPICON_NAME = AppIcon;
				CODE_SIGN_STYLE = Automatic;
				DEVELOPMENT_TEAM = 34KP6Z54P3;
				INFOPLIST_FILE = SetGame/Info.plist;
				LD_RUNPATH_SEARCH_PATHS = (
					"$(inherited)",
					"@executable_path/Frameworks",
				);
				PRODUCT_BUNDLE_IDENTIFIER = in.vishworks.SetGame;
				PRODUCT_NAME = "$(TARGET_NAME)";
				SWIFT_VERSION = 4.0;
				TARGETED_DEVICE_FAMILY = "1,2";
			};
			name = Release;
		};
/* End XCBuildConfiguration section */

/* Begin XCConfigurationList section */
		F53F5FED20AD2ED600F3224D /* Build configuration list for PBXProject "SetGame" */ = {
			isa = XCConfigurationList;
			buildConfigurations = (
				F53F600220AD2ED800F3224D /* Debug */,
				F53F600320AD2ED800F3224D /* Release */,
			);
			defaultConfigurationIsVisible = 0;
			defaultConfigurationName = Release;
		};
		F53F600420AD2ED800F3224D /* Build configuration list for PBXNativeTarget "SetGame" */ = {
			isa = XCConfigurationList;
			buildConfigurations = (
				F53F600520AD2ED800F3224D /* Debug */,
				F53F600620AD2ED800F3224D /* Release */,
			);
			defaultConfigurationIsVisible = 0;
			defaultConfigurationName = Release;
		};
/* End XCConfigurationList section */
	};
	rootObject = F53F5FEA20AD2ED600F3224D /* Project object */;
}
